// !$*UTF8*$!
{
	archiveVersion = 1;
	classes = {
	};
	objectVersion = 46;
	objects = {

/* Begin PBXBuildFile section */
		A82793CB1AE988A000A96F84 /* AppDelegate.swift in Sources */ = {isa = PBXBuildFile; fileRef = A82793CA1AE988A000A96F84 /* AppDelegate.swift */; };
		A82793CD1AE988A000A96F84 /* ViewController.swift in Sources */ = {isa = PBXBuildFile; fileRef = A82793CC1AE988A000A96F84 /* ViewController.swift */; };
		A82793D01AE988A000A96F84 /* Main.storyboard in Resources */ = {isa = PBXBuildFile; fileRef = A82793CE1AE988A000A96F84 /* Main.storyboard */; };
		A82793D21AE988A000A96F84 /* Images.xcassets in Resources */ = {isa = PBXBuildFile; fileRef = A82793D11AE988A000A96F84 /* Images.xcassets */; };
		A82793D51AE988A000A96F84 /* LaunchScreen.xib in Resources */ = {isa = PBXBuildFile; fileRef = A82793D31AE988A000A96F84 /* LaunchScreen.xib */; };
		A82793E11AE988A100A96F84 /* PostcardTests.swift in Sources */ = {isa = PBXBuildFile; fileRef = A82793E01AE988A100A96F84 /* PostcardTests.swift */; };
		A82793EB1AEA941800A96F84 /* SagradaFamilia.jpeg in Resources */ = {isa = PBXBuildFile; fileRef = A82793EA1AEA941800A96F84 /* SagradaFamilia.jpeg */; };
		A82793ED1AEAAF9A00A96F84 /* AlbertEinsteinStamp.jpg in Resources */ = {isa = PBXBuildFile; fileRef = A82793EC1AEAAF9A00A96F84 /* AlbertEinsteinStamp.jpg */; };
/* End PBXBuildFile section */

/* Begin PBXContainerItemProxy section */
		A82793DB1AE988A100A96F84 /* PBXContainerItemProxy */ = {
			isa = PBXContainerItemProxy;
			containerPortal = A82793BD1AE988A000A96F84 /* Project object */;
			proxyType = 1;
			remoteGlobalIDString = A82793C41AE988A000A96F84;
			remoteInfo = Postcard;
		};
/* End PBXContainerItemProxy section */

/* Begin PBXFileReference section */
		A82793C51AE988A000A96F84 /* Postcard.app */ = {isa = PBXFileReference; explicitFileType = wrapper.application; includeInIndex = 0; path = Postcard.app; sourceTree = BUILT_PRODUCTS_DIR; };
		A82793C91AE988A000A96F84 /* Info.plist */ = {isa = PBXFileReference; lastKnownFileType = text.plist.xml; path = Info.plist; sourceTree = "<group>"; };
		A82793CA1AE988A000A96F84 /* AppDelegate.swift */ = {isa = PBXFileReference; lastKnownFileType = sourcecode.swift; path = AppDelegate.swift; sourceTree = "<group>"; };
		A82793CC1AE988A000A96F84 /* ViewController.swift */ = {isa = PBXFileReference; lastKnownFileType = sourcecode.swift; path = ViewController.swift; sourceTree = "<group>"; };
		A82793CF1AE988A000A96F84 /* Base */ = {isa = PBXFileReference; lastKnownFileType = file.storyboard; name = Base; path = Base.lproj/Main.storyboard; sourceTree = "<group>"; };
		A82793D11AE988A000A96F84 /* Images.xcassets */ = {isa = PBXFileReference; lastKnownFileType = folder.assetcatalog; path = Images.xcassets; sourceTree = "<group>"; };
		A82793D41AE988A000A96F84 /* Base */ = {isa = PBXFileReference; lastKnownFileType = file.xib; name = Base; path = Base.lproj/LaunchScreen.xib; sourceTree = "<group>"; };
		A82793DA1AE988A100A96F84 /* PostcardTests.xctest */ = {isa = PBXFileReference; explicitFileType = wrapper.cfbundle; includeInIndex = 0; path = PostcardTests.xctest; sourceTree = BUILT_PRODUCTS_DIR; };
		A82793DF1AE988A100A96F84 /* Info.plist */ = {isa = PBXFileReference; lastKnownFileType = text.plist.xml; path = Info.plist; sourceTree = "<group>"; };
		A82793E01AE988A100A96F84 /* PostcardTests.swift */ = {isa = PBXFileReference; lastKnownFileType = sourcecode.swift; path = PostcardTests.swift; sourceTree = "<group>"; };
		A82793EA1AEA941800A96F84 /* SagradaFamilia.jpeg */ = {isa = PBXFileReference; lastKnownFileType = image.jpeg; path = SagradaFamilia.jpeg; sourceTree = "<group>"; };
		A82793EC1AEAAF9A00A96F84 /* AlbertEinsteinStamp.jpg */ = {isa = PBXFileReference; lastKnownFileType = image.jpeg; path = AlbertEinsteinStamp.jpg; sourceTree = "<group>"; };
/* End PBXFileReference section */

/* Begin PBXFrameworksBuildPhase section */
		A82793C21AE988A000A96F84 /* Frameworks */ = {
			isa = PBXFrameworksBuildPhase;
			buildActionMask = 2147483647;
			files = (
			);
			runOnlyForDeploymentPostprocessing = 0;
		};
		A82793D71AE988A100A96F84 /* Frameworks */ = {
			isa = PBXFrameworksBuildPhase;
			buildActionMask = 2147483647;
			files = (
			);
			runOnlyForDeploymentPostprocessing = 0;
		};
/* End PBXFrameworksBuildPhase section */

/* Begin PBXGroup section */
		A82793BC1AE988A000A96F84 = {
			isa = PBXGroup;
			children = (
				A82793C71AE988A000A96F84 /* Postcard */,
				A82793DD1AE988A100A96F84 /* PostcardTests */,
				A82793C61AE988A000A96F84 /* Products */,
			);
			sourceTree = "<group>";
		};
		A82793C61AE988A000A96F84 /* Products */ = {
			isa = PBXGroup;
			children = (
				A82793C51AE988A000A96F84 /* Postcard.app */,
				A82793DA1AE988A100A96F84 /* PostcardTests.xctest */,
			);
			name = Products;
			sourceTree = "<group>";
		};
		A82793C71AE988A000A96F84 /* Postcard */ = {
			isa = PBXGroup;
			children = (
				A82793CA1AE988A000A96F84 /* AppDelegate.swift */,
				A82793CC1AE988A000A96F84 /* ViewController.swift */,
				A82793CE1AE988A000A96F84 /* Main.storyboard */,
				A82793D11AE988A000A96F84 /* Images.xcassets */,
				A82793D31AE988A000A96F84 /* LaunchScreen.xib */,
				A82793C81AE988A000A96F84 /* Supporting Files */,
			);
			path = Postcard;
			sourceTree = "<group>";
		};
		A82793C81AE988A000A96F84 /* Supporting Files */ = {
			isa = PBXGroup;
			children = (
				A82793EC1AEAAF9A00A96F84 /* AlbertEinsteinStamp.jpg */,
				A82793EA1AEA941800A96F84 /* SagradaFamilia.jpeg */,
				A82793C91AE988A000A96F84 /* Info.plist */,
			);
			name = "Supporting Files";
			sourceTree = "<group>";
		};
		A82793DD1AE988A100A96F84 /* PostcardTests */ = {
			isa = PBXGroup;
			children = (
				A82793E01AE988A100A96F84 /* PostcardTests.swift */,
				A82793DE1AE988A100A96F84 /* Supporting Files */,
			);
			path = PostcardTests;
			sourceTree = "<group>";
		};
		A82793DE1AE988A100A96F84 /* Supporting Files */ = {
			isa = PBXGroup;
			children = (
				A82793DF1AE988A100A96F84 /* Info.plist */,
			);
			name = "Supporting Files";
			sourceTree = "<group>";
		};
/* End PBXGroup section */

/* Begin PBXNativeTarget section */
		A82793C41AE988A000A96F84 /* Postcard */ = {
			isa = PBXNativeTarget;
			buildConfigurationList = A82793E41AE988A100A96F84 /* Build configuration list for PBXNativeTarget "Postcard" */;
			buildPhases = (
				A82793C11AE988A000A96F84 /* Sources */,
				A82793C21AE988A000A96F84 /* Frameworks */,
				A82793C31AE988A000A96F84 /* Resources */,
			);
			buildRules = (
			);
			dependencies = (
			);
			name = Postcard;
			productName = Postcard;
			productReference = A82793C51AE988A000A96F84 /* Postcard.app */;
			productType = "com.apple.product-type.application";
		};
		A82793D91AE988A100A96F84 /* PostcardTests */ = {
			isa = PBXNativeTarget;
			buildConfigurationList = A82793E71AE988A100A96F84 /* Build configuration list for PBXNativeTarget "PostcardTests" */;
			buildPhases = (
				A82793D61AE988A100A96F84 /* Sources */,
				A82793D71AE988A100A96F84 /* Frameworks */,
				A82793D81AE988A100A96F84 /* Resources */,
			);
			buildRules = (
			);
			dependencies = (
				A82793DC1AE988A100A96F84 /* PBXTargetDependency */,
			);
			name = PostcardTests;
			productName = PostcardTests;
			productReference = A82793DA1AE988A100A96F84 /* PostcardTests.xctest */;
			productType = "com.apple.product-type.bundle.unit-test";
		};
/* End PBXNativeTarget section */

/* Begin PBXProject section */
		A82793BD1AE988A000A96F84 /* Project object */ = {
			isa = PBXProject;
			attributes = {
				LastUpgradeCheck = 0630;
				ORGANIZATIONNAME = "Vidal Singh";
				TargetAttributes = {
					A82793C41AE988A000A96F84 = {
						CreatedOnToolsVersion = 6.3.1;
					};
					A82793D91AE988A100A96F84 = {
						CreatedOnToolsVersion = 6.3.1;
						TestTargetID = A82793C41AE988A000A96F84;
					};
				};
			};
			buildConfigurationList = A82793C01AE988A000A96F84 /* Build configuration list for PBXProject "Postcard" */;
			compatibilityVersion = "Xcode 3.2";
			developmentRegion = English;
			hasScannedForEncodings = 0;
			knownRegions = (
				en,
				Base,
			);
			mainGroup = A82793BC1AE988A000A96F84;
			productRefGroup = A82793C61AE988A000A96F84 /* Products */;
			projectDirPath = "";
			projectRoot = "";
			targets = (
				A82793C41AE988A000A96F84 /* Postcard */,
				A82793D91AE988A100A96F84 /* PostcardTests */,
			);
		};
/* End PBXProject section */

/* Begin PBXResourcesBuildPhase section */
		A82793C31AE988A000A96F84 /* Resources */ = {
			isa = PBXResourcesBuildPhase;
			buildActionMask = 2147483647;
			files = (
				A82793D01AE988A000A96F84 /* Main.storyboard in Resources */,
				A82793EB1AEA941800A96F84 /* SagradaFamilia.jpeg in Resources */,
				A82793ED1AEAAF9A00A96F84 /* AlbertEinsteinStamp.jpg in Resources */,
				A82793D51AE988A000A96F84 /* LaunchScreen.xib in Resources */,
				A82793D21AE988A000A96F84 /* Images.xcassets in Resources */,
			);
			runOnlyForDeploymentPostprocessing = 0;
		};
		A82793D81AE988A100A96F84 /* Resources */ = {
			isa = PBXResourcesBuildPhase;
			buildActionMask = 2147483647;
			files = (
			);
			runOnlyForDeploymentPostprocessing = 0;
		};
/* End PBXResourcesBuildPhase section */

/* Begin PBXSourcesBuildPhase section */
		A82793C11AE988A000A96F84 /* Sources */ = {
			isa = PBXSourcesBuildPhase;
			buildActionMask = 2147483647;
			files = (
				A82793CD1AE988A000A96F84 /* ViewController.swift in Sources */,
				A82793CB1AE988A000A96F84 /* AppDelegate.swift in Sources */,
			);
			runOnlyForDeploymentPostprocessing = 0;
		};
		A82793D61AE988A100A96F84 /* Sources */ = {
			isa = PBXSourcesBuildPhase;
			buildActionMask = 2147483647;
			files = (
				A82793E11AE988A100A96F84 /* PostcardTests.swift in Sources */,
			);
			runOnlyForDeploymentPostprocessing = 0;
		};
/* End PBXSourcesBuildPhase section */

/* Begin PBXTargetDependency section */
		A82793DC1AE988A100A96F84 /* PBXTargetDependency */ = {
			isa = PBXTargetDependency;
			target = A82793C41AE988A000A96F84 /* Postcard */;
			targetProxy = A82793DB1AE988A100A96F84 /* PBXContainerItemProxy */;
		};
/* End PBXTargetDependency section */

/* Begin PBXVariantGroup section */
		A82793CE1AE988A000A96F84 /* Main.storyboard */ = {
			isa = PBXVariantGroup;
			children = (
				A82793CF1AE988A000A96F84 /* Base */,
			);
			name = Main.storyboard;
			sourceTree = "<group>";
		};
		A82793D31AE988A000A96F84 /* LaunchScreen.xib */ = {
			isa = PBXVariantGroup;
			children = (
				A82793D41AE988A000A96F84 /* Base */,
			);
			name = LaunchScreen.xib;
			sourceTree = "<group>";
		};
/* End PBXVariantGroup section */

/* Begin XCBuildConfiguration section */
		A82793E21AE988A100A96F84 /* Debug */ = {
			isa = XCBuildConfiguration;
			buildSettings = {
				ALWAYS_SEARCH_USER_PATHS = NO;
				CLANG_CXX_LANGUAGE_STANDARD = "gnu++0x";
				CLANG_CXX_LIBRARY = "libc++";
				CLANG_ENABLE_MODULES = YES;
				CLANG_ENABLE_OBJC_ARC = YES;
				CLANG_WARN_BOOL_CONVERSION = YES;
				CLANG_WARN_CONSTANT_CONVERSION = YES;
				CLANG_WARN_DIRECT_OBJC_ISA_USAGE = YES_ERROR;
				CLANG_WARN_EMPTY_BODY = YES;
				CLANG_WARN_ENUM_CONVERSION = YES;
				CLANG_WARN_INT_CONVERSION = YES;
				CLANG_WARN_OBJC_ROOT_CLASS = YES_ERROR;
				CLANG_WARN_UNREACHABLE_CODE = YES;
				CLANG_WARN__DUPLICATE_METHOD_MATCH = YES;
				"CODE_SIGN_IDENTITY[sdk=iphoneos*]" = "iPhone Developer";
				COPY_PHASE_STRIP = NO;
				DEBUG_INFORMATION_FORMAT = "dwarf-with-dsym";
				ENABLE_STRICT_OBJC_MSGSEND = YES;
				GCC_C_LANGUAGE_STANDARD = gnu99;
				GCC_DYNAMIC_NO_PIC = NO;
				GCC_NO_COMMON_BLOCKS = YES;
				GCC_OPTIMIZATION_LEVEL = 0;
				GCC_PREPROCESSOR_DEFINITIONS = (
					"DEBUG=1",
					"$(inherited)",
				);
				GCC_SYMBOLS_PRIVATE_EXTERN = NO;
				GCC_WARN_64_TO_32_BIT_CONVERSION = YES;
				GCC_WARN_ABOUT_RETURN_TYPE = YES_ERROR;
				GCC_WARN_UNDECLARED_SELECTOR = YES;
				GCC_WARN_UNINITIALIZED_AUTOS = YES_AGGRESSIVE;
				GCC_WARN_UNUSED_FUNCTION = YES;
				GCC_WARN_UNUSED_VARIABLE = YES;
				IPHONEOS_DEPLOYMENT_TARGET = 8.3;
				MTL_ENABLE_DEBUG_INFO = YES;
				ONLY_ACTIVE_ARCH = YES;
				SDKROOT = iphoneos;
				SWIFT_OPTIMIZATION_LEVEL = "-Onone";
				TARGETED_DEVICE_FAMILY = "1,2";
			};
			name = Debug;
		};
		A82793E31AE988A100A96F84 /* Release */ = {
			isa = XCBuildConfiguration;
			buildSettings = {
				ALWAYS_SEARCH_USER_PATHS = NO;
				CLANG_CXX_LANGUAGE_STANDARD = "gnu++0x";
				CLANG_CXX_LIBRARY = "libc++";
				CLANG_ENABLE_MODULES = YES;
				CLANG_ENABLE_OBJC_ARC = YES;
				CLANG_WARN_BOOL_CONVERSION = YES;
				CLANG_WARN_CONSTANT_CONVERSION = YES;
				CLANG_WARN_DIRECT_OBJC_ISA_USAGE = YES_ERROR;
				CLANG_WARN_EMPTY_BODY = YES;
				CLANG_WARN_ENUM_CONVERSION = YES;
				CLANG_WARN_INT_CONVERSION = YES;
				CLANG_WARN_OBJC_ROOT_CLASS = YES_ERROR;
				CLANG_WARN_UNREACHABLE_CODE = YES;
				CLANG_WARN__DUPLICATE_METHOD_MATCH = YES;
				"CODE_SIGN_IDENTITY[sdk=iphoneos*]" = "iPhone Developer";
				COPY_PHASE_STRIP = NO;
				DEBUG_INFORMATION_FORMAT = "dwarf-with-dsym";
				ENABLE_NS_ASSERTIONS = NO;
				ENABLE_STRICT_OBJC_MSGSEND = YES;
				GCC_C_LANGUAGE_STANDARD = gnu99;
				GCC_NO_COMMON_BLOCKS = YES;
				GCC_WARN_64_TO_32_BIT_CONVERSION = YES;
				GCC_WARN_ABOUT_RETURN_TYPE = YES_ERROR;
				GCC_WARN_UNDECLARED_SELECTOR = YES;
				GCC_WARN_UNINITIALIZED_AUTOS = YES_AGGRESSIVE;
				GCC_WARN_UNUSED_FUNCTION = YES;
				GCC_WARN_UNUSED_VARIABLE = YES;
				IPHONEOS_DEPLOYMENT_TARGET = 8.3;
				MTL_ENABLE_DEBUG_INFO = NO;
				SDKROOT = iphoneos;
				TARGETED_DEVICE_FAMILY = "1,2";
				VALIDATE_PRODUCT = YES;
			};
			name = Release;
		};
		A82793E51AE988A100A96F84 /* Debug */ = {
			isa = XCBuildConfiguration;
			buildSettings = {
				ASSETCATALOG_COMPILER_APPICON_NAME = AppIcon;
				INFOPLIST_FILE = Postcard/Info.plist;
				LD_RUNPATH_SEARCH_PATHS = "$(inherited) @executable_path/Frameworks";
				PRODUCT_NAME = "$(TARGET_NAME)";
			};
			name = Debug;
		};
		A82793E61AE988A100A96F84 /* Release */ = {
			isa = XCBuildConfiguration;
			buildSettings = {
				ASSETCATALOG_COMPILER_APPICON_NAME = AppIcon;
				INFOPLIST_FILE = Postcard/Info.plist;
				LD_RUNPATH_SEARCH_PATHS = "$(inherited) @executable_path/Frameworks";
				PRODUCT_NAME = "$(TARGET_NAME)";
			};
			name = Release;
		};
		A82793E81AE988A100A96F84 /* Debug */ = {
			isa = XCBuildConfiguration;
			buildSettings = {
				BUNDLE_LOADER = "$(TEST_HOST)";
				FRAMEWORK_SEARCH_PATHS = (
					"$(SDKROOT)/Developer/Library/Frameworks",
					"$(inherited)",
				);
				GCC_PREPROCESSOR_DEFINITIONS = (
					"DEBUG=1",
					"$(inherited)",
				);
				INFOPLIST_FILE = PostcardTests/Info.plist;
				LD_RUNPATH_SEARCH_PATHS = "$(inherited) @executable_path/Frameworks @loader_path/Frameworks";
				PRODUCT_NAME = "$(TARGET_NAME)";
				TEST_HOST = "$(BUILT_PRODUCTS_DIR)/Postcard.app/Postcard";
			};
			name = Debug;
		};
		A82793E91AE988A100A96F84 /* Release */ = {
			isa = XCBuildConfiguration;
			buildSettings = {
				BUNDLE_LOADER = "$(TEST_HOST)";
				FRAMEWORK_SEARCH_PATHS = (
					"$(SDKROOT)/Developer/Library/Frameworks",
					"$(inherited)",
				);
				INFOPLIST_FILE = PostcardTests/Info.plist;
				LD_RUNPATH_SEARCH_PATHS = "$(inherited) @executable_path/Frameworks @loader_path/Frameworks";
				PRODUCT_NAME = "$(TARGET_NAME)";
				TEST_HOST = "$(BUILT_PRODUCTS_DIR)/Postcard.app/Postcard";
			};
			name = Release;
		};
/* End XCBuildConfiguration section */

/* Begin XCConfigurationList section */
		A82793C01AE988A000A96F84 /* Build configuration list for PBXProject "Postcard" */ = {
			isa = XCConfigurationList;
			buildConfigurations = (
				A82793E21AE988A100A96F84 /* Debug */,
				A82793E31AE988A100A96F84 /* Release */,
			);
			defaultConfigurationIsVisible = 0;
			defaultConfigurationName = Release;
		};
		A82793E41AE988A100A96F84 /* Build configuration list for PBXNativeTarget "Postcard" */ = {
			isa = XCConfigurationList;
			buildConfigurations = (
				A82793E51AE988A100A96F84 /* Debug */,
				A82793E61AE988A100A96F84 /* Release */,
			);
			defaultConfigurationIsVisible = 0;
		};
		A82793E71AE988A100A96F84 /* Build configuration list for PBXNativeTarget "PostcardTests" */ = {
			isa = XCConfigurationList;
			buildConfigurations = (
				A82793E81AE988A100A96F84 /* Debug */,
				A82793E91AE988A100A96F84 /* Release */,
			);
			defaultConfigurationIsVisible = 0;
		};
/* End XCConfigurationList section */
	};
	rootObject = A82793BD1AE988A000A96F84 /* Project object */;
}
